{
  "name": "json-database-st",
  "version": "1.0.0",
  "lockfileVersion": 3,
  "requires": true,
  "packages": {
    "": {
      "name": "json-database-st",
      "version": "1.0.0",
      "license": "MIT",
      "dependencies": {
        "json-database-st": "^1.0.0",
        "lodash": "^4.17.21"
      },
      "engines": {
        "node": ">=14.0.0"
      }
    },
    "node_modules/json-database-st": {
      "version": "1.0.0",
      "resolved": "https://registry.npmjs.org/json-database-st/-/json-database-st-1.0.0.tgz",
      "integrity": "sha512-wmx4TkGixSBXw2+NaJZouM/8a8Qud0hPmilGTzqG+OZwwBnaa5Ye0TmmGX1K9fO2aYprEntxaXm27GWhm/lJ8w==",
      "license": "MIT",
      "dependencies": {
        "lodash": "^4.17.21"
      },
      "engines": {
        "node": ">=14.0.0"
      }
    },
    "node_modules/lodash": {
      "version": "4.17.21",
      "resolved": "https://registry.npmjs.org/lodash/-/lodash-4.17.21.tgz",
      "integrity": "sha512-v2kDEe57lecTulaDIuNTPy3Ry4gLGJ6Z1O3vE1krgXZNrsQ+LFTGHVxVjcXPs17LhbZVGedAJv8XZ1tvj5FvSg==",
      "license": "MIT"
    }
  }
}
